PODS:
  - MGSegmentedProgressBar (0.3.1)
  - Nimble (7.3.1)
  - Quick (1.3.2)

DEPENDENCIES:
  - MGSegmentedProgressBar (from `../`)
  - Nimble
  - Quick

SPEC REPOS:
  https://github.com/CocoaPods/Specs.git:
    - Nimble
    - Quick

EXTERNAL SOURCES:
  MGSegmentedProgressBar:
    :path: "../"

SPEC CHECKSUMS:
  MGSegmentedProgressBar: 774b0b15e5964d39414e514972f3e57e20197539
  Nimble: 04f732da099ea4d153122aec8c2a88fd0c7219ae
  Quick: 2623cb30d7a7f41ca62f684f679586558f483d46

PODFILE CHECKSUM: 3eaaf3012e9517b5c14e2273f56a3c26255e0490

COCOAPODS: 1.5.0
