PODS:
  - MultiProgressView (1.0.1)

DEPENDENCIES:
  - MultiProgressView (from `../`)

EXTERNAL SOURCES:
  MultiProgressView:
    :path: "../"

SPEC CHECKSUMS:
  MultiProgressView: 647fef1e75a63defd13d93da3ffa85048df87072

PODFILE CHECKSUM: bb51573c48cbe4f738d3a8c890c66657e2dd0c85

COCOAPODS: 1.6.1
