// !$*UTF8*$!
{
	archiveVersion = 1;
	classes = {
	};
	objectVersion = 50;
	objects = {

/* Begin PBXBuildFile section */
		89C185F3E6DB278C6954DD0E /* Pods_MGSegmentedProgressBar_Tests.framework in Frameworks */ = {isa = PBXBuildFile; fileRef = 4CA46F31434639FB4A00CEA6 /* Pods_MGSegmentedProgressBar_Tests.framework */; };
		AD536B9B20F3108D0003CA03 /* UIView+Extensions.swift in Sources */ = {isa = PBXBuildFile; fileRef = AD536B9A20F3108D0003CA03 /* UIView+Extensions.swift */; };
		AD536BA220F3380D0003CA03 /* MGSegmentedProgressBar.podspec in Resources */ = {isa = PBXBuildFile; fileRef = AD536B9F20F3380D0003CA03 /* MGSegmentedProgressBar.podspec */; };
		AD536BA320F3380D0003CA03 /* LICENSE in Resources */ = {isa = PBXBuildFile; fileRef = AD536BA020F3380D0003CA03 /* LICENSE */; };
		AD536BA420F3380D0003CA03 /* README.md in Resources */ = {isa = PBXBuildFile; fileRef = AD536BA120F3380D0003CA03 /* README.md */; };
		AD59919F21D438E3001381F9 /* MGSegmentedProgressBarSpec.swift in Sources */ = {isa = PBXBuildFile; fileRef = AD59919E21D438E3001381F9 /* MGSegmentedProgressBarSpec.swift */; };
		ADA523F620F1BC9300CB8AE6 /* AppDelegate.swift in Sources */ = {isa = PBXBuildFile; fileRef = ADA523F520F1BC9300CB8AE6 /* AppDelegate.swift */; };
		ADA523F820F1BC9300CB8AE6 /* ViewController.swift in Sources */ = {isa = PBXBuildFile; fileRef = ADA523F720F1BC9300CB8AE6 /* ViewController.swift */; };
		ADA523FD20F1BC9500CB8AE6 /* Assets.xcassets in Resources */ = {isa = PBXBuildFile; fileRef = ADA523FC20F1BC9500CB8AE6 /* Assets.xcassets */; };
		ADA5240020F1BC9500CB8AE6 /* LaunchScreen.storyboard in Resources */ = {isa = PBXBuildFile; fileRef = ADA523FE20F1BC9500CB8AE6 /* LaunchScreen.storyboard */; };
		ADE1AEC921D40DF2000D9539 /* ProgressBarSectionSpec.swift in Sources */ = {isa = PBXBuildFile; fileRef = ADE1AEC821D40DF2000D9539 /* ProgressBarSectionSpec.swift */; };
		ADE1AED521D410FC000D9539 /* Pods_MGSegmentedProgressBar_Example.framework in Frameworks */ = {isa = PBXBuildFile; fileRef = ADE1AED421D410FC000D9539 /* Pods_MGSegmentedProgressBar_Example.framework */; };
/* End PBXBuildFile section */

/* Begin PBXContainerItemProxy section */
		ADE1AECB21D40DF2000D9539 /* PBXContainerItemProxy */ = {
			isa = PBXContainerItemProxy;
			containerPortal = ADA523EA20F1BC9300CB8AE6 /* Project object */;
			proxyType = 1;
			remoteGlobalIDString = ADA523F120F1BC9300CB8AE6;
			remoteInfo = MGSegmentedProgressBar_Example;
		};
/* End PBXContainerItemProxy section */

/* Begin PBXFileReference section */
		1B1B447444B362A6D534FD19 /* Pods-MGSegmentedProgressBar_Example.debug.xcconfig */ = {isa = PBXFileReference; includeInIndex = 1; lastKnownFileType = text.xcconfig; name = "Pods-MGSegmentedProgressBar_Example.debug.xcconfig"; path = "Pods/Target Support Files/Pods-MGSegmentedProgressBar_Example/Pods-MGSegmentedProgressBar_Example.debug.xcconfig"; sourceTree = "<group>"; };
		2C481B6D963450293B1AE775 /* Pods-MGSegmentedProgressBar_Example.release.xcconfig */ = {isa = PBXFileReference; includeInIndex = 1; lastKnownFileType = text.xcconfig; name = "Pods-MGSegmentedProgressBar_Example.release.xcconfig"; path = "Pods/Target Support Files/Pods-MGSegmentedProgressBar_Example/Pods-MGSegmentedProgressBar_Example.release.xcconfig"; sourceTree = "<group>"; };
		45E2F1AE0A9902C93B9745B3 /* Pods-MGSegmentedProgressBar_Tests.debug.xcconfig */ = {isa = PBXFileReference; includeInIndex = 1; lastKnownFileType = text.xcconfig; name = "Pods-MGSegmentedProgressBar_Tests.debug.xcconfig"; path = "Pods/Target Support Files/Pods-MGSegmentedProgressBar_Tests/Pods-MGSegmentedProgressBar_Tests.debug.xcconfig"; sourceTree = "<group>"; };
		4CA46F31434639FB4A00CEA6 /* Pods_MGSegmentedProgressBar_Tests.framework */ = {isa = PBXFileReference; explicitFileType = wrapper.framework; includeInIndex = 0; path = Pods_MGSegmentedProgressBar_Tests.framework; sourceTree = BUILT_PRODUCTS_DIR; };
		51DCD9415BE88E7D6BB8E76B /* Pods_MGSegmentedProgressBar_Example.framework */ = {isa = PBXFileReference; explicitFileType = wrapper.framework; includeInIndex = 0; path = Pods_MGSegmentedProgressBar_Example.framework; sourceTree = BUILT_PRODUCTS_DIR; };
		AAEADB0EFEB769A5FFB10E33 /* Pods-MGSegmentedProgressBar_Tests.release.xcconfig */ = {isa = PBXFileReference; includeInIndex = 1; lastKnownFileType = text.xcconfig; name = "Pods-MGSegmentedProgressBar_Tests.release.xcconfig"; path = "Pods/Target Support Files/Pods-MGSegmentedProgressBar_Tests/Pods-MGSegmentedProgressBar_Tests.release.xcconfig"; sourceTree = "<group>"; };
		AD536B9A20F3108D0003CA03 /* UIView+Extensions.swift */ = {isa = PBXFileReference; lastKnownFileType = sourcecode.swift; path = "UIView+Extensions.swift"; sourceTree = "<group>"; };
		AD536B9F20F3380D0003CA03 /* MGSegmentedProgressBar.podspec */ = {isa = PBXFileReference; fileEncoding = 4; lastKnownFileType = text; name = MGSegmentedProgressBar.podspec; path = ../MGSegmentedProgressBar.podspec; sourceTree = "<group>"; xcLanguageSpecificationIdentifier = xcode.lang.ruby; };
		AD536BA020F3380D0003CA03 /* LICENSE */ = {isa = PBXFileReference; fileEncoding = 4; lastKnownFileType = text; name = LICENSE; path = ../LICENSE; sourceTree = "<group>"; };
		AD536BA120F3380D0003CA03 /* README.md */ = {isa = PBXFileReference; fileEncoding = 4; lastKnownFileType = net.daringfireball.markdown; name = README.md; path = ../README.md; sourceTree = "<group>"; };
		AD59919E21D438E3001381F9 /* MGSegmentedProgressBarSpec.swift */ = {isa = PBXFileReference; lastKnownFileType = sourcecode.swift; path = MGSegmentedProgressBarSpec.swift; sourceTree = "<group>"; };
		ADA523F220F1BC9300CB8AE6 /* MGSegmentedProgressBar_Example.app */ = {isa = PBXFileReference; explicitFileType = wrapper.application; includeInIndex = 0; path = MGSegmentedProgressBar_Example.app; sourceTree = BUILT_PRODUCTS_DIR; };
		ADA523F520F1BC9300CB8AE6 /* AppDelegate.swift */ = {isa = PBXFileReference; lastKnownFileType = sourcecode.swift; path = AppDelegate.swift; sourceTree = "<group>"; };
		ADA523F720F1BC9300CB8AE6 /* ViewController.swift */ = {isa = PBXFileReference; lastKnownFileType = sourcecode.swift; path = ViewController.swift; sourceTree = "<group>"; };
		ADA523FC20F1BC9500CB8AE6 /* Assets.xcassets */ = {isa = PBXFileReference; lastKnownFileType = folder.assetcatalog; path = Assets.xcassets; sourceTree = "<group>"; };
		ADA523FF20F1BC9500CB8AE6 /* Base */ = {isa = PBXFileReference; lastKnownFileType = file.storyboard; name = Base; path = Base.lproj/LaunchScreen.storyboard; sourceTree = "<group>"; };
		ADA5240120F1BC9500CB8AE6 /* Info.plist */ = {isa = PBXFileReference; lastKnownFileType = text.plist.xml; path = Info.plist; sourceTree = "<group>"; };
		ADE1AEC621D40DF2000D9539 /* MGSegmentedProgressBar_Tests.xctest */ = {isa = PBXFileReference; explicitFileType = wrapper.cfbundle; includeInIndex = 0; path = MGSegmentedProgressBar_Tests.xctest; sourceTree = BUILT_PRODUCTS_DIR; };
		ADE1AEC821D40DF2000D9539 /* ProgressBarSectionSpec.swift */ = {isa = PBXFileReference; lastKnownFileType = sourcecode.swift; path = ProgressBarSectionSpec.swift; sourceTree = "<group>"; };
		ADE1AECA21D40DF2000D9539 /* Info.plist */ = {isa = PBXFileReference; lastKnownFileType = text.plist.xml; path = Info.plist; sourceTree = "<group>"; };
		ADE1AED021D4108C000D9539 /* MGSegmentedProgressBar.framework */ = {isa = PBXFileReference; explicitFileType = wrapper.framework; path = MGSegmentedProgressBar.framework; sourceTree = BUILT_PRODUCTS_DIR; };
		ADE1AED221D410A9000D9539 /* MGSegmentedProgressBar.framework */ = {isa = PBXFileReference; explicitFileType = wrapper.framework; path = MGSegmentedProgressBar.framework; sourceTree = BUILT_PRODUCTS_DIR; };
		ADE1AED421D410FC000D9539 /* Pods_MGSegmentedProgressBar_Example.framework */ = {isa = PBXFileReference; explicitFileType = wrapper.framework; path = Pods_MGSegmentedProgressBar_Example.framework; sourceTree = BUILT_PRODUCTS_DIR; };
/* End PBXFileReference section */

/* Begin PBXFrameworksBuildPhase section */
		ADA523EF20F1BC9300CB8AE6 /* Frameworks */ = {
			isa = PBXFrameworksBuildPhase;
			buildActionMask = 2147483647;
			files = (
				ADE1AED521D410FC000D9539 /* Pods_MGSegmentedProgressBar_Example.framework in Frameworks */,
			);
			runOnlyForDeploymentPostprocessing = 0;
		};
		ADE1AEC321D40DF2000D9539 /* Frameworks */ = {
			isa = PBXFrameworksBuildPhase;
			buildActionMask = 2147483647;
			files = (
				89C185F3E6DB278C6954DD0E /* Pods_MGSegmentedProgressBar_Tests.framework in Frameworks */,
			);
			runOnlyForDeploymentPostprocessing = 0;
		};
/* End PBXFrameworksBuildPhase section */

/* Begin PBXGroup section */
		117CF13A193CD9F2202AFC2F /* Pods */ = {
			isa = PBXGroup;
			children = (
				1B1B447444B362A6D534FD19 /* Pods-MGSegmentedProgressBar_Example.debug.xcconfig */,
				2C481B6D963450293B1AE775 /* Pods-MGSegmentedProgressBar_Example.release.xcconfig */,
				45E2F1AE0A9902C93B9745B3 /* Pods-MGSegmentedProgressBar_Tests.debug.xcconfig */,
				AAEADB0EFEB769A5FFB10E33 /* Pods-MGSegmentedProgressBar_Tests.release.xcconfig */,
			);
			name = Pods;
			sourceTree = "<group>";
		};
		AD536B9E20F337FA0003CA03 /* Podspec Metadata */ = {
			isa = PBXGroup;
			children = (
				AD536BA020F3380D0003CA03 /* LICENSE */,
				AD536B9F20F3380D0003CA03 /* MGSegmentedProgressBar.podspec */,
				AD536BA120F3380D0003CA03 /* README.md */,
			);
			name = "Podspec Metadata";
			sourceTree = "<group>";
		};
		ADA523E920F1BC9300CB8AE6 = {
			isa = PBXGroup;
			children = (
				AD536B9E20F337FA0003CA03 /* Podspec Metadata */,
				ADA523F420F1BC9300CB8AE6 /* Example for MGSegmentedProgressBar */,
				ADE1AEC721D40DF2000D9539 /* Tests */,
				ADA523F320F1BC9300CB8AE6 /* Products */,
				117CF13A193CD9F2202AFC2F /* Pods */,
				DEB17BE03A963B4F4733EF42 /* Frameworks */,
			);
			sourceTree = "<group>";
		};
		ADA523F320F1BC9300CB8AE6 /* Products */ = {
			isa = PBXGroup;
			children = (
				ADA523F220F1BC9300CB8AE6 /* MGSegmentedProgressBar_Example.app */,
				ADE1AEC621D40DF2000D9539 /* MGSegmentedProgressBar_Tests.xctest */,
			);
			name = Products;
			sourceTree = "<group>";
		};
		ADA523F420F1BC9300CB8AE6 /* Example for MGSegmentedProgressBar */ = {
			isa = PBXGroup;
			children = (
				ADA523F520F1BC9300CB8AE6 /* AppDelegate.swift */,
				ADA523F720F1BC9300CB8AE6 /* ViewController.swift */,
				AD536B9A20F3108D0003CA03 /* UIView+Extensions.swift */,
				ADA5240720F1BCC900CB8AE6 /* Supporting Files */,
			);
			name = "Example for MGSegmentedProgressBar";
			path = MGSegmentedProgressBar;
			sourceTree = "<group>";
		};
		ADA5240720F1BCC900CB8AE6 /* Supporting Files */ = {
			isa = PBXGroup;
			children = (
				ADA523FC20F1BC9500CB8AE6 /* Assets.xcassets */,
				ADA5240120F1BC9500CB8AE6 /* Info.plist */,
				ADA523FE20F1BC9500CB8AE6 /* LaunchScreen.storyboard */,
			);
			name = "Supporting Files";
			sourceTree = "<group>";
		};
		ADE1AEC721D40DF2000D9539 /* Tests */ = {
			isa = PBXGroup;
			children = (
				AD59919E21D438E3001381F9 /* MGSegmentedProgressBarSpec.swift */,
				ADE1AEC821D40DF2000D9539 /* ProgressBarSectionSpec.swift */,
				ADE1AED621D416B6000D9539 /* Supporting Files */,
			);
			name = Tests;
			path = MGSegmentedProgressBar_Tests;
			sourceTree = "<group>";
		};
		ADE1AED621D416B6000D9539 /* Supporting Files */ = {
			isa = PBXGroup;
			children = (
				ADE1AECA21D40DF2000D9539 /* Info.plist */,
			);
			name = "Supporting Files";
			sourceTree = "<group>";
		};
		DEB17BE03A963B4F4733EF42 /* Frameworks */ = {
			isa = PBXGroup;
			children = (
				ADE1AED421D410FC000D9539 /* Pods_MGSegmentedProgressBar_Example.framework */,
				ADE1AED221D410A9000D9539 /* MGSegmentedProgressBar.framework */,
				ADE1AED021D4108C000D9539 /* MGSegmentedProgressBar.framework */,
				51DCD9415BE88E7D6BB8E76B /* Pods_MGSegmentedProgressBar_Example.framework */,
				4CA46F31434639FB4A00CEA6 /* Pods_MGSegmentedProgressBar_Tests.framework */,
			);
			name = Frameworks;
			sourceTree = "<group>";
		};
/* End PBXGroup section */

/* Begin PBXNativeTarget section */
		ADA523F120F1BC9300CB8AE6 /* MGSegmentedProgressBar_Example */ = {
			isa = PBXNativeTarget;
			buildConfigurationList = ADA5240420F1BC9500CB8AE6 /* Build configuration list for PBXNativeTarget "MGSegmentedProgressBar_Example" */;
			buildPhases = (
				D96C8F613DB0B3D8CC4D7B81 /* [CP] Check Pods Manifest.lock */,
				ADA523EE20F1BC9300CB8AE6 /* Sources */,
				ADA523EF20F1BC9300CB8AE6 /* Frameworks */,
				ADA523F020F1BC9300CB8AE6 /* Resources */,
				BAD98C83F8213678D8257F48 /* [CP] Embed Pods Frameworks */,
			);
			buildRules = (
			);
			dependencies = (
			);
			name = MGSegmentedProgressBar_Example;
			productName = MGSegmentedProgressBar;
			productReference = ADA523F220F1BC9300CB8AE6 /* MGSegmentedProgressBar_Example.app */;
			productType = "com.apple.product-type.application";
		};
		ADE1AEC521D40DF2000D9539 /* MGSegmentedProgressBar_Tests */ = {
			isa = PBXNativeTarget;
			buildConfigurationList = ADE1AECF21D40DF2000D9539 /* Build configuration list for PBXNativeTarget "MGSegmentedProgressBar_Tests" */;
			buildPhases = (
				43321FD9B159E70540A0B1DD /* [CP] Check Pods Manifest.lock */,
				ADE1AEC221D40DF2000D9539 /* Sources */,
				ADE1AEC321D40DF2000D9539 /* Frameworks */,
				ADE1AEC421D40DF2000D9539 /* Resources */,
				3EED488BBFC1A5683C9B78A1 /* [CP] Embed Pods Frameworks */,
			);
			buildRules = (
			);
			dependencies = (
				ADE1AECC21D40DF2000D9539 /* PBXTargetDependency */,
			);
			name = MGSegmentedProgressBar_Tests;
			productName = MGSegmentedProgressBar_Tests;
			productReference = ADE1AEC621D40DF2000D9539 /* MGSegmentedProgressBar_Tests.xctest */;
			productType = "com.apple.product-type.bundle.unit-test";
		};
/* End PBXNativeTarget section */

/* Begin PBXProject section */
		ADA523EA20F1BC9300CB8AE6 /* Project object */ = {
			isa = PBXProject;
			attributes = {
				LastSwiftUpdateCheck = 1010;
				LastUpgradeCheck = 0940;
				ORGANIZATIONNAME = "Mac Gallagher";
				TargetAttributes = {
					ADA523F120F1BC9300CB8AE6 = {
						CreatedOnToolsVersion = 9.4.1;
						LastSwiftMigration = 1000;
					};
					ADE1AEC521D40DF2000D9539 = {
						CreatedOnToolsVersion = 10.1;
						TestTargetID = ADA523F120F1BC9300CB8AE6;
					};
				};
			};
			buildConfigurationList = ADA523ED20F1BC9300CB8AE6 /* Build configuration list for PBXProject "MGSegmentedProgressBar" */;
			compatibilityVersion = "Xcode 9.3";
			developmentRegion = en;
			hasScannedForEncodings = 0;
			knownRegions = (
				en,
				Base,
			);
			mainGroup = ADA523E920F1BC9300CB8AE6;
			productRefGroup = ADA523F320F1BC9300CB8AE6 /* Products */;
			projectDirPath = "";
			projectRoot = "";
			targets = (
				ADA523F120F1BC9300CB8AE6 /* MGSegmentedProgressBar_Example */,
				ADE1AEC521D40DF2000D9539 /* MGSegmentedProgressBar_Tests */,
			);
		};
/* End PBXProject section */

/* Begin PBXResourcesBuildPhase section */
		ADA523F020F1BC9300CB8AE6 /* Resources */ = {
			isa = PBXResourcesBuildPhase;
			buildActionMask = 2147483647;
			files = (
				ADA5240020F1BC9500CB8AE6 /* LaunchScreen.storyboard in Resources */,
				AD536BA220F3380D0003CA03 /* MGSegmentedProgressBar.podspec in Resources */,
				AD536BA420F3380D0003CA03 /* README.md in Resources */,
				AD536BA320F3380D0003CA03 /* LICENSE in Resources */,
				ADA523FD20F1BC9500CB8AE6 /* Assets.xcassets in Resources */,
			);
			runOnlyForDeploymentPostprocessing = 0;
		};
		ADE1AEC421D40DF2000D9539 /* Resources */ = {
			isa = PBXResourcesBuildPhase;
			buildActionMask = 2147483647;
			files = (
			);
			runOnlyForDeploymentPostprocessing = 0;
		};
/* End PBXResourcesBuildPhase section */

/* Begin PBXShellScriptBuildPhase section */
		3EED488BBFC1A5683C9B78A1 /* [CP] Embed Pods Frameworks */ = {
			isa = PBXShellScriptBuildPhase;
			buildActionMask = 2147483647;
			files = (
			);
			inputPaths = (
				"${SRCROOT}/Pods/Target Support Files/Pods-MGSegmentedProgressBar_Tests/Pods-MGSegmentedProgressBar_Tests-frameworks.sh",
				"${BUILT_PRODUCTS_DIR}/MGSegmentedProgressBar/MGSegmentedProgressBar.framework",
				"${BUILT_PRODUCTS_DIR}/Nimble/Nimble.framework",
				"${BUILT_PRODUCTS_DIR}/Quick/Quick.framework",
			);
			name = "[CP] Embed Pods Frameworks";
			outputPaths = (
				"${TARGET_BUILD_DIR}/${FRAMEWORKS_FOLDER_PATH}/MGSegmentedProgressBar.framework",
				"${TARGET_BUILD_DIR}/${FRAMEWORKS_FOLDER_PATH}/Nimble.framework",
				"${TARGET_BUILD_DIR}/${FRAMEWORKS_FOLDER_PATH}/Quick.framework",
			);
			runOnlyForDeploymentPostprocessing = 0;
			shellPath = /bin/sh;
			shellScript = "\"${SRCROOT}/Pods/Target Support Files/Pods-MGSegmentedProgressBar_Tests/Pods-MGSegmentedProgressBar_Tests-frameworks.sh\"\n";
			showEnvVarsInLog = 0;
		};
		43321FD9B159E70540A0B1DD /* [CP] Check Pods Manifest.lock */ = {
			isa = PBXShellScriptBuildPhase;
			buildActionMask = 2147483647;
			files = (
			);
			inputPaths = (
				"${PODS_PODFILE_DIR_PATH}/Podfile.lock",
				"${PODS_ROOT}/Manifest.lock",
			);
			name = "[CP] Check Pods Manifest.lock";
			outputPaths = (
				"$(DERIVED_FILE_DIR)/Pods-MGSegmentedProgressBar_Tests-checkManifestLockResult.txt",
			);
			runOnlyForDeploymentPostprocessing = 0;
			shellPath = /bin/sh;
			shellScript = "diff \"${PODS_PODFILE_DIR_PATH}/Podfile.lock\" \"${PODS_ROOT}/Manifest.lock\" > /dev/null\nif [ $? != 0 ] ; then\n    # print error to STDERR\n    echo \"error: The sandbox is not in sync with the Podfile.lock. Run 'pod install' or update your CocoaPods installation.\" >&2\n    exit 1\nfi\n# This output is used by Xcode 'outputs' to avoid re-running this script phase.\necho \"SUCCESS\" > \"${SCRIPT_OUTPUT_FILE_0}\"\n";
			showEnvVarsInLog = 0;
		};
		BAD98C83F8213678D8257F48 /* [CP] Embed Pods Frameworks */ = {
			isa = PBXShellScriptBuildPhase;
			buildActionMask = 2147483647;
			files = (
			);
			inputPaths = (
				"${SRCROOT}/Pods/Target Support Files/Pods-MGSegmentedProgressBar_Example/Pods-MGSegmentedProgressBar_Example-frameworks.sh",
				"${BUILT_PRODUCTS_DIR}/MGSegmentedProgressBar/MGSegmentedProgressBar.framework",
			);
			name = "[CP] Embed Pods Frameworks";
			outputPaths = (
				"${TARGET_BUILD_DIR}/${FRAMEWORKS_FOLDER_PATH}/MGSegmentedProgressBar.framework",
			);
			runOnlyForDeploymentPostprocessing = 0;
			shellPath = /bin/sh;
			shellScript = "\"${SRCROOT}/Pods/Target Support Files/Pods-MGSegmentedProgressBar_Example/Pods-MGSegmentedProgressBar_Example-frameworks.sh\"\n";
			showEnvVarsInLog = 0;
		};
		D96C8F613DB0B3D8CC4D7B81 /* [CP] Check Pods Manifest.lock */ = {
			isa = PBXShellScriptBuildPhase;
			buildActionMask = 2147483647;
			files = (
			);
			inputPaths = (
				"${PODS_PODFILE_DIR_PATH}/Podfile.lock",
				"${PODS_ROOT}/Manifest.lock",
			);
			name = "[CP] Check Pods Manifest.lock";
			outputPaths = (
				"$(DERIVED_FILE_DIR)/Pods-MGSegmentedProgressBar_Example-checkManifestLockResult.txt",
			);
			runOnlyForDeploymentPostprocessing = 0;
			shellPath = /bin/sh;
			shellScript = "diff \"${PODS_PODFILE_DIR_PATH}/Podfile.lock\" \"${PODS_ROOT}/Manifest.lock\" > /dev/null\nif [ $? != 0 ] ; then\n    # print error to STDERR\n    echo \"error: The sandbox is not in sync with the Podfile.lock. Run 'pod install' or update your CocoaPods installation.\" >&2\n    exit 1\nfi\n# This output is used by Xcode 'outputs' to avoid re-running this script phase.\necho \"SUCCESS\" > \"${SCRIPT_OUTPUT_FILE_0}\"\n";
			showEnvVarsInLog = 0;
		};
/* End PBXShellScriptBuildPhase section */

/* Begin PBXSourcesBuildPhase section */
		ADA523EE20F1BC9300CB8AE6 /* Sources */ = {
			isa = PBXSourcesBuildPhase;
			buildActionMask = 2147483647;
			files = (
				ADA523F820F1BC9300CB8AE6 /* ViewController.swift in Sources */,
				AD536B9B20F3108D0003CA03 /* UIView+Extensions.swift in Sources */,
				ADA523F620F1BC9300CB8AE6 /* AppDelegate.swift in Sources */,
			);
			runOnlyForDeploymentPostprocessing = 0;
		};
		ADE1AEC221D40DF2000D9539 /* Sources */ = {
			isa = PBXSourcesBuildPhase;
			buildActionMask = 2147483647;
			files = (
				AD59919F21D438E3001381F9 /* MGSegmentedProgressBarSpec.swift in Sources */,
				ADE1AEC921D40DF2000D9539 /* ProgressBarSectionSpec.swift in Sources */,
			);
			runOnlyForDeploymentPostprocessing = 0;
		};
/* End PBXSourcesBuildPhase section */

/* Begin PBXTargetDependency section */
		ADE1AECC21D40DF2000D9539 /* PBXTargetDependency */ = {
			isa = PBXTargetDependency;
			target = ADA523F120F1BC9300CB8AE6 /* MGSegmentedProgressBar_Example */;
			targetProxy = ADE1AECB21D40DF2000D9539 /* PBXContainerItemProxy */;
		};
/* End PBXTargetDependency section */

/* Begin PBXVariantGroup section */
		ADA523FE20F1BC9500CB8AE6 /* LaunchScreen.storyboard */ = {
			isa = PBXVariantGroup;
			children = (
				ADA523FF20F1BC9500CB8AE6 /* Base */,
			);
			name = LaunchScreen.storyboard;
			sourceTree = "<group>";
		};
/* End PBXVariantGroup section */

/* Begin XCBuildConfiguration section */
		ADA5240220F1BC9500CB8AE6 /* Debug */ = {
			isa = XCBuildConfiguration;
			buildSettings = {
				ALWAYS_SEARCH_USER_PATHS = NO;
				CLANG_ANALYZER_NONNULL = YES;
				CLANG_ANALYZER_NUMBER_OBJECT_CONVERSION = YES_AGGRESSIVE;
				CLANG_CXX_LANGUAGE_STANDARD = "gnu++14";
				CLANG_CXX_LIBRARY = "libc++";
				CLANG_ENABLE_MODULES = YES;
				CLANG_ENABLE_OBJC_ARC = YES;
				CLANG_ENABLE_OBJC_WEAK = YES;
				CLANG_WARN_BLOCK_CAPTURE_AUTORELEASING = YES;
				CLANG_WARN_BOOL_CONVERSION = YES;
				CLANG_WARN_COMMA = YES;
				CLANG_WARN_CONSTANT_CONVERSION = YES;
				CLANG_WARN_DEPRECATED_OBJC_IMPLEMENTATIONS = YES;
				CLANG_WARN_DIRECT_OBJC_ISA_USAGE = YES_ERROR;
				CLANG_WARN_DOCUMENTATION_COMMENTS = YES;
				CLANG_WARN_EMPTY_BODY = YES;
				CLANG_WARN_ENUM_CONVERSION = YES;
				CLANG_WARN_INFINITE_RECURSION = YES;
				CLANG_WARN_INT_CONVERSION = YES;
				CLANG_WARN_NON_LITERAL_NULL_CONVERSION = YES;
				CLANG_WARN_OBJC_IMPLICIT_RETAIN_SELF = YES;
				CLANG_WARN_OBJC_LITERAL_CONVERSION = YES;
				CLANG_WARN_OBJC_ROOT_CLASS = YES_ERROR;
				CLANG_WARN_RANGE_LOOP_ANALYSIS = YES;
				CLANG_WARN_STRICT_PROTOTYPES = YES;
				CLANG_WARN_SUSPICIOUS_MOVE = YES;
				CLANG_WARN_UNGUARDED_AVAILABILITY = YES_AGGRESSIVE;
				CLANG_WARN_UNREACHABLE_CODE = YES;
				CLANG_WARN__DUPLICATE_METHOD_MATCH = YES;
				CODE_SIGN_IDENTITY = "iPhone Developer";
				COPY_PHASE_STRIP = NO;
				DEBUG_INFORMATION_FORMAT = dwarf;
				ENABLE_STRICT_OBJC_MSGSEND = YES;
				ENABLE_TESTABILITY = YES;
				GCC_C_LANGUAGE_STANDARD = gnu11;
				GCC_DYNAMIC_NO_PIC = NO;
				GCC_NO_COMMON_BLOCKS = YES;
				GCC_OPTIMIZATION_LEVEL = 0;
				GCC_PREPROCESSOR_DEFINITIONS = (
					"DEBUG=1",
					"$(inherited)",
				);
				GCC_WARN_64_TO_32_BIT_CONVERSION = YES;
				GCC_WARN_ABOUT_RETURN_TYPE = YES_ERROR;
				GCC_WARN_UNDECLARED_SELECTOR = YES;
				GCC_WARN_UNINITIALIZED_AUTOS = YES_AGGRESSIVE;
				GCC_WARN_UNUSED_FUNCTION = YES;
				GCC_WARN_UNUSED_VARIABLE = YES;
				IPHONEOS_DEPLOYMENT_TARGET = 12.1;
				MTL_ENABLE_DEBUG_INFO = YES;
				ONLY_ACTIVE_ARCH = YES;
				SDKROOT = iphoneos;
				SWIFT_ACTIVE_COMPILATION_CONDITIONS = DEBUG;
				SWIFT_OPTIMIZATION_LEVEL = "-Onone";
				SWIFT_VERSION = 4.2;
			};
			name = Debug;
		};
		ADA5240320F1BC9500CB8AE6 /* Release */ = {
			isa = XCBuildConfiguration;
			buildSettings = {
				ALWAYS_SEARCH_USER_PATHS = NO;
				CLANG_ANALYZER_NONNULL = YES;
				CLANG_ANALYZER_NUMBER_OBJECT_CONVERSION = YES_AGGRESSIVE;
				CLANG_CXX_LANGUAGE_STANDARD = "gnu++14";
				CLANG_CXX_LIBRARY = "libc++";
				CLANG_ENABLE_MODULES = YES;
				CLANG_ENABLE_OBJC_ARC = YES;
				CLANG_ENABLE_OBJC_WEAK = YES;
				CLANG_WARN_BLOCK_CAPTURE_AUTORELEASING = YES;
				CLANG_WARN_BOOL_CONVERSION = YES;
				CLANG_WARN_COMMA = YES;
				CLANG_WARN_CONSTANT_CONVERSION = YES;
				CLANG_WARN_DEPRECATED_OBJC_IMPLEMENTATIONS = YES;
				CLANG_WARN_DIRECT_OBJC_ISA_USAGE = YES_ERROR;
				CLANG_WARN_DOCUMENTATION_COMMENTS = YES;
				CLANG_WARN_EMPTY_BODY = YES;
				CLANG_WARN_ENUM_CONVERSION = YES;
				CLANG_WARN_INFINITE_RECURSION = YES;
				CLANG_WARN_INT_CONVERSION = YES;
				CLANG_WARN_NON_LITERAL_NULL_CONVERSION = YES;
				CLANG_WARN_OBJC_IMPLICIT_RETAIN_SELF = YES;
				CLANG_WARN_OBJC_LITERAL_CONVERSION = YES;
				CLANG_WARN_OBJC_ROOT_CLASS = YES_ERROR;
				CLANG_WARN_RANGE_LOOP_ANALYSIS = YES;
				CLANG_WARN_STRICT_PROTOTYPES = YES;
				CLANG_WARN_SUSPICIOUS_MOVE = YES;
				CLANG_WARN_UNGUARDED_AVAILABILITY = YES_AGGRESSIVE;
				CLANG_WARN_UNREACHABLE_CODE = YES;
				CLANG_WARN__DUPLICATE_METHOD_MATCH = YES;
				CODE_SIGN_IDENTITY = "iPhone Developer";
				COPY_PHASE_STRIP = NO;
				DEBUG_INFORMATION_FORMAT = "dwarf-with-dsym";
				ENABLE_NS_ASSERTIONS = NO;
				ENABLE_STRICT_OBJC_MSGSEND = YES;
				GCC_C_LANGUAGE_STANDARD = gnu11;
				GCC_NO_COMMON_BLOCKS = YES;
				GCC_WARN_64_TO_32_BIT_CONVERSION = YES;
				GCC_WARN_ABOUT_RETURN_TYPE = YES_ERROR;
				GCC_WARN_UNDECLARED_SELECTOR = YES;
				GCC_WARN_UNINITIALIZED_AUTOS = YES_AGGRESSIVE;
				GCC_WARN_UNUSED_FUNCTION = YES;
				GCC_WARN_UNUSED_VARIABLE = YES;
				IPHONEOS_DEPLOYMENT_TARGET = 12.1;
				MTL_ENABLE_DEBUG_INFO = NO;
				SDKROOT = iphoneos;
				SWIFT_COMPILATION_MODE = wholemodule;
				SWIFT_OPTIMIZATION_LEVEL = "-O";
				SWIFT_VERSION = 4.2;
				VALIDATE_PRODUCT = YES;
			};
			name = Release;
		};
		ADA5240520F1BC9500CB8AE6 /* Debug */ = {
			isa = XCBuildConfiguration;
			baseConfigurationReference = 1B1B447444B362A6D534FD19 /* Pods-MGSegmentedProgressBar_Example.debug.xcconfig */;
			buildSettings = {
				ASSETCATALOG_COMPILER_APPICON_NAME = AppIcon;
				CODE_SIGN_STYLE = Automatic;
				DEVELOPMENT_TEAM = DYZ8Y2U8DB;
				INFOPLIST_FILE = MGSegmentedProgressBar/Info.plist;
				LD_RUNPATH_SEARCH_PATHS = (
					"$(inherited)",
					"@executable_path/Frameworks",
				);
				PRODUCT_BUNDLE_IDENTIFIER = com.macgallagher.MGSegmentedProgressBar;
				PRODUCT_NAME = "$(TARGET_NAME)";
				SWIFT_VERSION = 4.2;
				TARGETED_DEVICE_FAMILY = "1,2";
			};
			name = Debug;
		};
		ADA5240620F1BC9500CB8AE6 /* Release */ = {
			isa = XCBuildConfiguration;
			baseConfigurationReference = 2C481B6D963450293B1AE775 /* Pods-MGSegmentedProgressBar_Example.release.xcconfig */;
			buildSettings = {
				ASSETCATALOG_COMPILER_APPICON_NAME = AppIcon;
				CODE_SIGN_STYLE = Automatic;
				DEVELOPMENT_TEAM = DYZ8Y2U8DB;
				INFOPLIST_FILE = MGSegmentedProgressBar/Info.plist;
				LD_RUNPATH_SEARCH_PATHS = (
					"$(inherited)",
					"@executable_path/Frameworks",
				);
				PRODUCT_BUNDLE_IDENTIFIER = com.macgallagher.MGSegmentedProgressBar;
				PRODUCT_NAME = "$(TARGET_NAME)";
				SWIFT_VERSION = 4.2;
				TARGETED_DEVICE_FAMILY = "1,2";
			};
			name = Release;
		};
		ADE1AECD21D40DF2000D9539 /* Debug */ = {
			isa = XCBuildConfiguration;
			baseConfigurationReference = 45E2F1AE0A9902C93B9745B3 /* Pods-MGSegmentedProgressBar_Tests.debug.xcconfig */;
			buildSettings = {
				BUNDLE_LOADER = "$(TEST_HOST)";
				CODE_SIGN_STYLE = Automatic;
				DEVELOPMENT_TEAM = DYZ8Y2U8DB;
				INFOPLIST_FILE = MGSegmentedProgressBar_Tests/Info.plist;
				IPHONEOS_DEPLOYMENT_TARGET = 12.1;
				LD_RUNPATH_SEARCH_PATHS = (
					"$(inherited)",
					"@executable_path/Frameworks",
					"@loader_path/Frameworks",
				);
				MTL_ENABLE_DEBUG_INFO = INCLUDE_SOURCE;
				MTL_FAST_MATH = YES;
				PRODUCT_BUNDLE_IDENTIFIER = "com.macgallagher.MGSegmentedProgressBar-Tests";
				PRODUCT_NAME = "$(TARGET_NAME)";
				SWIFT_VERSION = 4.2;
				TARGETED_DEVICE_FAMILY = "1,2";
				TEST_HOST = "$(BUILT_PRODUCTS_DIR)/MGSegmentedProgressBar_Example.app/MGSegmentedProgressBar_Example";
			};
			name = Debug;
		};
		ADE1AECE21D40DF2000D9539 /* Release */ = {
			isa = XCBuildConfiguration;
			baseConfigurationReference = AAEADB0EFEB769A5FFB10E33 /* Pods-MGSegmentedProgressBar_Tests.release.xcconfig */;
			buildSettings = {
				BUNDLE_LOADER = "$(TEST_HOST)";
				CODE_SIGN_STYLE = Automatic;
				DEVELOPMENT_TEAM = DYZ8Y2U8DB;
				INFOPLIST_FILE = MGSegmentedProgressBar_Tests/Info.plist;
				IPHONEOS_DEPLOYMENT_TARGET = 12.1;
				LD_RUNPATH_SEARCH_PATHS = (
					"$(inherited)",
					"@executable_path/Frameworks",
					"@loader_path/Frameworks",
				);
				MTL_FAST_MATH = YES;
				PRODUCT_BUNDLE_IDENTIFIER = "com.macgallagher.MGSegmentedProgressBar-Tests";
				PRODUCT_NAME = "$(TARGET_NAME)";
				SWIFT_VERSION = 4.2;
				TARGETED_DEVICE_FAMILY = "1,2";
				TEST_HOST = "$(BUILT_PRODUCTS_DIR)/MGSegmentedProgressBar_Example.app/MGSegmentedProgressBar_Example";
			};
			name = Release;
		};
/* End XCBuildConfiguration section */

/* Begin XCConfigurationList section */
		ADA523ED20F1BC9300CB8AE6 /* Build configuration list for PBXProject "MGSegmentedProgressBar" */ = {
			isa = XCConfigurationList;
			buildConfigurations = (
				ADA5240220F1BC9500CB8AE6 /* Debug */,
				ADA5240320F1BC9500CB8AE6 /* Release */,
			);
			defaultConfigurationIsVisible = 0;
			defaultConfigurationName = Release;
		};
		ADA5240420F1BC9500CB8AE6 /* Build configuration list for PBXNativeTarget "MGSegmentedProgressBar_Example" */ = {
			isa = XCConfigurationList;
			buildConfigurations = (
				ADA5240520F1BC9500CB8AE6 /* Debug */,
				ADA5240620F1BC9500CB8AE6 /* Release */,
			);
			defaultConfigurationIsVisible = 0;
			defaultConfigurationName = Release;
		};
		ADE1AECF21D40DF2000D9539 /* Build configuration list for PBXNativeTarget "MGSegmentedProgressBar_Tests" */ = {
			isa = XCConfigurationList;
			buildConfigurations = (
				ADE1AECD21D40DF2000D9539 /* Debug */,
				ADE1AECE21D40DF2000D9539 /* Release */,
			);
			defaultConfigurationIsVisible = 0;
			defaultConfigurationName = Release;
		};
/* End XCConfigurationList section */
	};
	rootObject = ADA523EA20F1BC9300CB8AE6 /* Project object */;
}
